// !$*UTF8*$!
{
	archiveVersion = 1;
	classes = {
	};
	objectVersion = 46;
	objects = {

/* Begin PBXBuildFile section */
		EA9376E61CC1EDAB009E075C /* AppDelegate.swift in Sources */ = {isa = PBXBuildFile; fileRef = EA9376E51CC1EDAB009E075C /* AppDelegate.swift */; };
		EA9376E81CC1EDAB009E075C /* ViewController.swift in Sources */ = {isa = PBXBuildFile; fileRef = EA9376E71CC1EDAB009E075C /* ViewController.swift */; };
		EA9376EB1CC1EDAB009E075C /* Main.storyboard in Resources */ = {isa = PBXBuildFile; fileRef = EA9376E91CC1EDAB009E075C /* Main.storyboard */; };
		EA9376ED1CC1EDAB009E075C /* Assets.xcassets in Resources */ = {isa = PBXBuildFile; fileRef = EA9376EC1CC1EDAB009E075C /* Assets.xcassets */; };
		EA9376F01CC1EDAB009E075C /* LaunchScreen.storyboard in Resources */ = {isa = PBXBuildFile; fileRef = EA9376EE1CC1EDAB009E075C /* LaunchScreen.storyboard */; };
		EA9376FB1CC1EDAC009E075C /* BeaconTransmiterTests.swift in Sources */ = {isa = PBXBuildFile; fileRef = EA9376FA1CC1EDAC009E075C /* BeaconTransmiterTests.swift */; };
		EA9377061CC1EDAC009E075C /* BeaconTransmiterUITests.swift in Sources */ = {isa = PBXBuildFile; fileRef = EA9377051CC1EDAC009E075C /* BeaconTransmiterUITests.swift */; };
/* End PBXBuildFile section */

/* Begin PBXContainerItemProxy section */
		EA9376F71CC1EDAC009E075C /* PBXContainerItemProxy */ = {
			isa = PBXContainerItemProxy;
			containerPortal = EA9376DA1CC1EDAB009E075C /* Project object */;
			proxyType = 1;
			remoteGlobalIDString = EA9376E11CC1EDAB009E075C;
			remoteInfo = BeaconTransmiter;
		};
		EA9377021CC1EDAC009E075C /* PBXContainerItemProxy */ = {
			isa = PBXContainerItemProxy;
			containerPortal = EA9376DA1CC1EDAB009E075C /* Project object */;
			proxyType = 1;
			remoteGlobalIDString = EA9376E11CC1EDAB009E075C;
			remoteInfo = BeaconTransmiter;
		};
/* End PBXContainerItemProxy section */

/* Begin PBXFileReference section */
		EA9376E21CC1EDAB009E075C /* BeaconTransmiter.app */ = {isa = PBXFileReference; explicitFileType = wrapper.application; includeInIndex = 0; path = BeaconTransmiter.app; sourceTree = BUILT_PRODUCTS_DIR; };
		EA9376E51CC1EDAB009E075C /* AppDelegate.swift */ = {isa = PBXFileReference; lastKnownFileType = sourcecode.swift; path = AppDelegate.swift; sourceTree = "<group>"; };
		EA9376E71CC1EDAB009E075C /* ViewController.swift */ = {isa = PBXFileReference; lastKnownFileType = sourcecode.swift; path = ViewController.swift; sourceTree = "<group>"; };
		EA9376EA1CC1EDAB009E075C /* Base */ = {isa = PBXFileReference; lastKnownFileType = file.storyboard; name = Base; path = Base.lproj/Main.storyboard; sourceTree = "<group>"; };
		EA9376EC1CC1EDAB009E075C /* Assets.xcassets */ = {isa = PBXFileReference; lastKnownFileType = folder.assetcatalog; path = Assets.xcassets; sourceTree = "<group>"; };
		EA9376EF1CC1EDAB009E075C /* Base */ = {isa = PBXFileReference; lastKnownFileType = file.storyboard; name = Base; path = Base.lproj/LaunchScreen.storyboard; sourceTree = "<group>"; };
		EA9376F11CC1EDAB009E075C /* Info.plist */ = {isa = PBXFileReference; lastKnownFileType = text.plist.xml; path = Info.plist; sourceTree = "<group>"; };
		EA9376F61CC1EDAC009E075C /* BeaconTransmiterTests.xctest */ = {isa = PBXFileReference; explicitFileType = wrapper.cfbundle; includeInIndex = 0; path = BeaconTransmiterTests.xctest; sourceTree = BUILT_PRODUCTS_DIR; };
		EA9376FA1CC1EDAC009E075C /* BeaconTransmiterTests.swift */ = {isa = PBXFileReference; lastKnownFileType = sourcecode.swift; path = BeaconTransmiterTests.swift; sourceTree = "<group>"; };
		EA9376FC1CC1EDAC009E075C /* Info.plist */ = {isa = PBXFileReference; lastKnownFileType = text.plist.xml; path = Info.plist; sourceTree = "<group>"; };
		EA9377011CC1EDAC009E075C /* BeaconTransmiterUITests.xctest */ = {isa = PBXFileReference; explicitFileType = wrapper.cfbundle; includeInIndex = 0; path = BeaconTransmiterUITests.xctest; sourceTree = BUILT_PRODUCTS_DIR; };
		EA9377051CC1EDAC009E075C /* BeaconTransmiterUITests.swift */ = {isa = PBXFileReference; lastKnownFileType = sourcecode.swift; path = BeaconTransmiterUITests.swift; sourceTree = "<group>"; };
		EA9377071CC1EDAC009E075C /* Info.plist */ = {isa = PBXFileReference; lastKnownFileType = text.plist.xml; path = Info.plist; sourceTree = "<group>"; };
/* End PBXFileReference section */

/* Begin PBXFrameworksBuildPhase section */
		EA9376DF1CC1EDAB009E075C /* Frameworks */ = {
			isa = PBXFrameworksBuildPhase;
			buildActionMask = 2147483647;
			files = (
			);
			runOnlyForDeploymentPostprocessing = 0;
		};
		EA9376F31CC1EDAC009E075C /* Frameworks */ = {
			isa = PBXFrameworksBuildPhase;
			buildActionMask = 2147483647;
			files = (
			);
			runOnlyForDeploymentPostprocessing = 0;
		};
		EA9376FE1CC1EDAC009E075C /* Frameworks */ = {
			isa = PBXFrameworksBuildPhase;
			buildActionMask = 2147483647;
			files = (
			);
			runOnlyForDeploymentPostprocessing = 0;
		};
/* End PBXFrameworksBuildPhase section */

/* Begin PBXGroup section */
		EA9376D91CC1EDAB009E075C = {
			isa = PBXGroup;
			children = (
				EA9376E41CC1EDAB009E075C /* BeaconTransmiter */,
				EA9376F91CC1EDAC009E075C /* BeaconTransmiterTests */,
				EA9377041CC1EDAC009E075C /* BeaconTransmiterUITests */,
				EA9376E31CC1EDAB009E075C /* Products */,
			);
			sourceTree = "<group>";
		};
		EA9376E31CC1EDAB009E075C /* Products */ = {
			isa = PBXGroup;
			children = (
				EA9376E21CC1EDAB009E075C /* BeaconTransmiter.app */,
				EA9376F61CC1EDAC009E075C /* BeaconTransmiterTests.xctest */,
				EA9377011CC1EDAC009E075C /* BeaconTransmiterUITests.xctest */,
			);
			name = Products;
			sourceTree = "<group>";
		};
		EA9376E41CC1EDAB009E075C /* BeaconTransmiter */ = {
			isa = PBXGroup;
			children = (
				EA9376E51CC1EDAB009E075C /* AppDelegate.swift */,
				EA9376E71CC1EDAB009E075C /* ViewController.swift */,
				EA9376E91CC1EDAB009E075C /* Main.storyboard */,
				EA9376EC1CC1EDAB009E075C /* Assets.xcassets */,
				EA9376EE1CC1EDAB009E075C /* LaunchScreen.storyboard */,
				EA9376F11CC1EDAB009E075C /* Info.plist */,
			);
			path = BeaconTransmiter;
			sourceTree = "<group>";
		};
		EA9376F91CC1EDAC009E075C /* BeaconTransmiterTests */ = {
			isa = PBXGroup;
			children = (
				EA9376FA1CC1EDAC009E075C /* BeaconTransmiterTests.swift */,
				EA9376FC1CC1EDAC009E075C /* Info.plist */,
			);
			path = BeaconTransmiterTests;
			sourceTree = "<group>";
		};
		EA9377041CC1EDAC009E075C /* BeaconTransmiterUITests */ = {
			isa = PBXGroup;
			children = (
				EA9377051CC1EDAC009E075C /* BeaconTransmiterUITests.swift */,
				EA9377071CC1EDAC009E075C /* Info.plist */,
			);
			path = BeaconTransmiterUITests;
			sourceTree = "<group>";
		};
/* End PBXGroup section */

/* Begin PBXNativeTarget section */
		EA9376E11CC1EDAB009E075C /* BeaconTransmiter */ = {
			isa = PBXNativeTarget;
			buildConfigurationList = EA93770A1CC1EDAC009E075C /* Build configuration list for PBXNativeTarget "BeaconTransmiter" */;
			buildPhases = (
				EA9376DE1CC1EDAB009E075C /* Sources */,
				EA9376DF1CC1EDAB009E075C /* Frameworks */,
				EA9376E01CC1EDAB009E075C /* Resources */,
			);
			buildRules = (
			);
			dependencies = (
			);
			name = BeaconTransmiter;
			productName = BeaconTransmiter;
			productReference = EA9376E21CC1EDAB009E075C /* BeaconTransmiter.app */;
			productType = "com.apple.product-type.application";
		};
		EA9376F51CC1EDAC009E075C /* BeaconTransmiterTests */ = {
			isa = PBXNativeTarget;
			buildConfigurationList = EA93770D1CC1EDAC009E075C /* Build configuration list for PBXNativeTarget "BeaconTransmiterTests" */;
			buildPhases = (
				EA9376F21CC1EDAC009E075C /* Sources */,
				EA9376F31CC1EDAC009E075C /* Frameworks */,
				EA9376F41CC1EDAC009E075C /* Resources */,
			);
			buildRules = (
			);
			dependencies = (
				EA9376F81CC1EDAC009E075C /* PBXTargetDependency */,
			);
			name = BeaconTransmiterTests;
			productName = BeaconTransmiterTests;
			productReference = EA9376F61CC1EDAC009E075C /* BeaconTransmiterTests.xctest */;
			productType = "com.apple.product-type.bundle.unit-test";
		};
		EA9377001CC1EDAC009E075C /* BeaconTransmiterUITests */ = {
			isa = PBXNativeTarget;
			buildConfigurationList = EA9377101CC1EDAC009E075C /* Build configuration list for PBXNativeTarget "BeaconTransmiterUITests" */;
			buildPhases = (
				EA9376FD1CC1EDAC009E075C /* Sources */,
				EA9376FE1CC1EDAC009E075C /* Frameworks */,
				EA9376FF1CC1EDAC009E075C /* Resources */,
			);
			buildRules = (
			);
			dependencies = (
				EA9377031CC1EDAC009E075C /* PBXTargetDependency */,
			);
			name = BeaconTransmiterUITests;
			productName = BeaconTransmiterUITests;
			productReference = EA9377011CC1EDAC009E075C /* BeaconTransmiterUITests.xctest */;
			productType = "com.apple.product-type.bundle.ui-testing";
		};
/* End PBXNativeTarget section */

/* Begin PBXProject section */
		EA9376DA1CC1EDAB009E075C /* Project object */ = {
			isa = PBXProject;
			attributes = {
				LastSwiftUpdateCheck = 0730;
				LastUpgradeCheck = 0730;
				ORGANIZATIONNAME = "Ryan Jones";
				TargetAttributes = {
					EA9376E11CC1EDAB009E075C = {
						CreatedOnToolsVersion = 7.3;
						DevelopmentTeam = 7J6HAQSEW3;
					};
					EA9376F51CC1EDAC009E075C = {
						CreatedOnToolsVersion = 7.3;
						DevelopmentTeam = 7J6HAQSEW3;
						TestTargetID = EA9376E11CC1EDAB009E075C;
					};
					EA9377001CC1EDAC009E075C = {
						CreatedOnToolsVersion = 7.3;
						DevelopmentTeam = 7J6HAQSEW3;
						TestTargetID = EA9376E11CC1EDAB009E075C;
					};
				};
			};
			buildConfigurationList = EA9376DD1CC1EDAB009E075C /* Build configuration list for PBXProject "BeaconTransmiter" */;
			compatibilityVersion = "Xcode 3.2";
			developmentRegion = English;
			hasScannedForEncodings = 0;
			knownRegions = (
				en,
				Base,
			);
			mainGroup = EA9376D91CC1EDAB009E075C;
			productRefGroup = EA9376E31CC1EDAB009E075C /* Products */;
			projectDirPath = "";
			projectRoot = "";
			targets = (
				EA9376E11CC1EDAB009E075C /* BeaconTransmiter */,
				EA9376F51CC1EDAC009E075C /* BeaconTransmiterTests */,
				EA9377001CC1EDAC009E075C /* BeaconTransmiterUITests */,
			);
		};
/* End PBXProject section */

/* Begin PBXResourcesBuildPhase section */
		EA9376E01CC1EDAB009E075C /* Resources */ = {
			isa = PBXResourcesBuildPhase;
			buildActionMask = 2147483647;
			files = (
				EA9376F01CC1EDAB009E075C /* LaunchScreen.storyboard in Resources */,
				EA9376ED1CC1EDAB009E075C /* Assets.xcassets in Resources */,
				EA9376EB1CC1EDAB009E075C /* Main.storyboard in Resources */,
			);
			runOnlyForDeploymentPostprocessing = 0;
		};
		EA9376F41CC1EDAC009E075C /* Resources */ = {
			isa = PBXResourcesBuildPhase;
			buildActionMask = 2147483647;
			files = (
			);
			runOnlyForDeploymentPostprocessing = 0;
		};
		EA9376FF1CC1EDAC009E075C /* Resources */ = {
			isa = PBXResourcesBuildPhase;
			buildActionMask = 2147483647;
			files = (
			);
			runOnlyForDeploymentPostprocessing = 0;
		};
/* End PBXResourcesBuildPhase section */

/* Begin PBXSourcesBuildPhase section */
		EA9376DE1CC1EDAB009E075C /* Sources */ = {
			isa = PBXSourcesBuildPhase;
			buildActionMask = 2147483647;
			files = (
				EA9376E81CC1EDAB009E075C /* ViewController.swift in Sources */,
				EA9376E61CC1EDAB009E075C /* AppDelegate.swift in Sources */,
			);
			runOnlyForDeploymentPostprocessing = 0;
		};
		EA9376F21CC1EDAC009E075C /* Sources */ = {
			isa = PBXSourcesBuildPhase;
			buildActionMask = 2147483647;
			files = (
				EA9376FB1CC1EDAC009E075C /* BeaconTransmiterTests.swift in Sources */,
			);
			runOnlyForDeploymentPostprocessing = 0;
		};
		EA9376FD1CC1EDAC009E075C /* Sources */ = {
			isa = PBXSourcesBuildPhase;
			buildActionMask = 2147483647;
			files = (
				EA9377061CC1EDAC009E075C /* BeaconTransmiterUITests.swift in Sources */,
			);
			runOnlyForDeploymentPostprocessing = 0;
		};
/* End PBXSourcesBuildPhase section */

/* Begin PBXTargetDependency section */
		EA9376F81CC1EDAC009E075C /* PBXTargetDependency */ = {
			isa = PBXTargetDependency;
			target = EA9376E11CC1EDAB009E075C /* BeaconTransmiter */;
			targetProxy = EA9376F71CC1EDAC009E075C /* PBXContainerItemProxy */;
		};
		EA9377031CC1EDAC009E075C /* PBXTargetDependency */ = {
			isa = PBXTargetDependency;
			target = EA9376E11CC1EDAB009E075C /* BeaconTransmiter */;
			targetProxy = EA9377021CC1EDAC009E075C /* PBXContainerItemProxy */;
		};
/* End PBXTargetDependency section */

/* Begin PBXVariantGroup section */
		EA9376E91CC1EDAB009E075C /* Main.storyboard */ = {
			isa = PBXVariantGroup;
			children = (
				EA9376EA1CC1EDAB009E075C /* Base */,
			);
			name = Main.storyboard;
			sourceTree = "<group>";
		};
		EA9376EE1CC1EDAB009E075C /* LaunchScreen.storyboard */ = {
			isa = PBXVariantGroup;
			children = (
				EA9376EF1CC1EDAB009E075C /* Base */,
			);
			name = LaunchScreen.storyboard;
			sourceTree = "<group>";
		};
/* End PBXVariantGroup section */

/* Begin XCBuildConfiguration section */
		EA9377081CC1EDAC009E075C /* Debug */ = {
			isa = XCBuildConfiguration;
			buildSettings = {
				ALWAYS_SEARCH_USER_PATHS = NO;
				CLANG_ANALYZER_NONNULL = YES;
				CLANG_CXX_LANGUAGE_STANDARD = "gnu++0x";
				CLANG_CXX_LIBRARY = "libc++";
				CLANG_ENABLE_MODULES = YES;
				CLANG_ENABLE_OBJC_ARC = YES;
				CLANG_WARN_BOOL_CONVERSION = YES;
				CLANG_WARN_CONSTANT_CONVERSION = YES;
				CLANG_WARN_DIRECT_OBJC_ISA_USAGE = YES_ERROR;
				CLANG_WARN_EMPTY_BODY = YES;
				CLANG_WARN_ENUM_CONVERSION = YES;
				CLANG_WARN_INT_CONVERSION = YES;
				CLANG_WARN_OBJC_ROOT_CLASS = YES_ERROR;
				CLANG_WARN_UNREACHABLE_CODE = YES;
				CLANG_WARN__DUPLICATE_METHOD_MATCH = YES;
				"CODE_SIGN_IDENTITY[sdk=iphoneos*]" = "iPhone Developer";
				COPY_PHASE_STRIP = NO;
				DEBUG_INFORMATION_FORMAT = dwarf;
				ENABLE_STRICT_OBJC_MSGSEND = YES;
				ENABLE_TESTABILITY = YES;
				GCC_C_LANGUAGE_STANDARD = gnu99;
				GCC_DYNAMIC_NO_PIC = NO;
				GCC_NO_COMMON_BLOCKS = YES;
				GCC_OPTIMIZATION_LEVEL = 0;
				GCC_PREPROCESSOR_DEFINITIONS = (
					"DEBUG=1",
					"$(inherited)",
				);
				GCC_WARN_64_TO_32_BIT_CONVERSION = YES;
				GCC_WARN_ABOUT_RETURN_TYPE = YES_ERROR;
				GCC_WARN_UNDECLARED_SELECTOR = YES;
				GCC_WARN_UNINITIALIZED_AUTOS = YES_AGGRESSIVE;
				GCC_WARN_UNUSED_FUNCTION = YES;
				GCC_WARN_UNUSED_VARIABLE = YES;
				IPHONEOS_DEPLOYMENT_TARGET = 9.3;
				MTL_ENABLE_DEBUG_INFO = YES;
				ONLY_ACTIVE_ARCH = YES;
				SDKROOT = iphoneos;
				SWIFT_OPTIMIZATION_LEVEL = "-Onone";
				TARGETED_DEVICE_FAMILY = "1,2";
			};
			name = Debug;
		};
		EA9377091CC1EDAC009E075C /* Release */ = {
			isa = XCBuildConfiguration;
			buildSettings = {
				ALWAYS_SEARCH_USER_PATHS = NO;
				CLANG_ANALYZER_NONNULL = YES;
				CLANG_CXX_LANGUAGE_STANDARD = "gnu++0x";
				CLANG_CXX_LIBRARY = "libc++";
				CLANG_ENABLE_MODULES = YES;
				CLANG_ENABLE_OBJC_ARC = YES;
				CLANG_WARN_BOOL_CONVERSION = YES;
				CLANG_WARN_CONSTANT_CONVERSION = YES;
				CLANG_WARN_DIRECT_OBJC_ISA_USAGE = YES_ERROR;
				CLANG_WARN_EMPTY_BODY = YES;
				CLANG_WARN_ENUM_CONVERSION = YES;
				CLANG_WARN_INT_CONVERSION = YES;
				CLANG_WARN_OBJC_ROOT_CLASS = YES_ERROR;
				CLANG_WARN_UNREACHABLE_CODE = YES;
				CLANG_WARN__DUPLICATE_METHOD_MATCH = YES;
				"CODE_SIGN_IDENTITY[sdk=iphoneos*]" = "iPhone Developer";
				COPY_PHASE_STRIP = NO;
				DEBUG_INFORMATION_FORMAT = "dwarf-with-dsym";
				ENABLE_NS_ASSERTIONS = NO;
				ENABLE_STRICT_OBJC_MSGSEND = YES;
				GCC_C_LANGUAGE_STANDARD = gnu99;
				GCC_NO_COMMON_BLOCKS = YES;
				GCC_WARN_64_TO_32_BIT_CONVERSION = YES;
				GCC_WARN_ABOUT_RETURN_TYPE = YES_ERROR;
				GCC_WARN_UNDECLARED_SELECTOR = YES;
				GCC_WARN_UNINITIALIZED_AUTOS = YES_AGGRESSIVE;
				GCC_WARN_UNUSED_FUNCTION = YES;
				GCC_WARN_UNUSED_VARIABLE = YES;
				IPHONEOS_DEPLOYMENT_TARGET = 9.3;
				MTL_ENABLE_DEBUG_INFO = NO;
				SDKROOT = iphoneos;
				TARGETED_DEVICE_FAMILY = "1,2";
				VALIDATE_PRODUCT = YES;
			};
			name = Release;
		};
		EA93770B1CC1EDAC009E075C /* Debug */ = {
			isa = XCBuildConfiguration;
			buildSettings = {
				ASSETCATALOG_COMPILER_APPICON_NAME = AppIcon;
				INFOPLIST_FILE = BeaconTransmiter/Info.plist;
				LD_RUNPATH_SEARCH_PATHS = "$(inherited) @executable_path/Frameworks";
				PRODUCT_BUNDLE_IDENTIFIER = SmartDoor.BeaconTransmiter;
				PRODUCT_NAME = "$(TARGET_NAME)";
			};
			name = Debug;
		};
		EA93770C1CC1EDAC009E075C /* Release */ = {
			isa = XCBuildConfiguration;
			buildSettings = {
				ASSETCATALOG_COMPILER_APPICON_NAME = AppIcon;
				INFOPLIST_FILE = BeaconTransmiter/Info.plist;
				LD_RUNPATH_SEARCH_PATHS = "$(inherited) @executable_path/Frameworks";
				PRODUCT_BUNDLE_IDENTIFIER = SmartDoor.BeaconTransmiter;
				PRODUCT_NAME = "$(TARGET_NAME)";
			};
			name = Release;
		};
		EA93770E1CC1EDAC009E075C /* Debug */ = {
			isa = XCBuildConfiguration;
			buildSettings = {
				BUNDLE_LOADER = "$(TEST_HOST)";
				INFOPLIST_FILE = BeaconTransmiterTests/Info.plist;
				LD_RUNPATH_SEARCH_PATHS = "$(inherited) @executable_path/Frameworks @loader_path/Frameworks";
				PRODUCT_BUNDLE_IDENTIFIER = SmartDoor.BeaconTransmiterTests;
				PRODUCT_NAME = "$(TARGET_NAME)";
				TEST_HOST = "$(BUILT_PRODUCTS_DIR)/BeaconTransmiter.app/BeaconTransmiter";
			};
			name = Debug;
		};
		EA93770F1CC1EDAC009E075C /* Release */ = {
			isa = XCBuildConfiguration;
			buildSettings = {
				BUNDLE_LOADER = "$(TEST_HOST)";
				INFOPLIST_FILE = BeaconTransmiterTests/Info.plist;
				LD_RUNPATH_SEARCH_PATHS = "$(inherited) @executable_path/Frameworks @loader_path/Frameworks";
				PRODUCT_BUNDLE_IDENTIFIER = SmartDoor.BeaconTransmiterTests;
				PRODUCT_NAME = "$(TARGET_NAME)";
				TEST_HOST = "$(BUILT_PRODUCTS_DIR)/BeaconTransmiter.app/BeaconTransmiter";
			};
			name = Release;
		};
		EA9377111CC1EDAC009E075C /* Debug */ = {
			isa = XCBuildConfiguration;
			buildSettings = {
				INFOPLIST_FILE = BeaconTransmiterUITests/Info.plist;
				LD_RUNPATH_SEARCH_PATHS = "$(inherited) @executable_path/Frameworks @loader_path/Frameworks";
				PRODUCT_BUNDLE_IDENTIFIER = SmartDoor.BeaconTransmiterUITests;
				PRODUCT_NAME = "$(TARGET_NAME)";
				TEST_TARGET_NAME = BeaconTransmiter;
			};
			name = Debug;
		};
		EA9377121CC1EDAC009E075C /* Release */ = {
			isa = XCBuildConfiguration;
			buildSettings = {
				INFOPLIST_FILE = BeaconTransmiterUITests/Info.plist;
				LD_RUNPATH_SEARCH_PATHS = "$(inherited) @executable_path/Frameworks @loader_path/Frameworks";
				PRODUCT_BUNDLE_IDENTIFIER = SmartDoor.BeaconTransmiterUITests;
				PRODUCT_NAME = "$(TARGET_NAME)";
				TEST_TARGET_NAME = BeaconTransmiter;
			};
			name = Release;
		};
/* End XCBuildConfiguration section */

/* Begin XCConfigurationList section */
		EA9376DD1CC1EDAB009E075C /* Build configuration list for PBXProject "BeaconTransmiter" */ = {
			isa = XCConfigurationList;
			buildConfigurations = (
				EA9377081CC1EDAC009E075C /* Debug */,
				EA9377091CC1EDAC009E075C /* Release */,
			);
			defaultConfigurationIsVisible = 0;
			defaultConfigurationName = Release;
		};
		EA93770A1CC1EDAC009E075C /* Build configuration list for PBXNativeTarget "BeaconTransmiter" */ = {
			isa = XCConfigurationList;
			buildConfigurations = (
				EA93770B1CC1EDAC009E075C /* Debug */,
				EA93770C1CC1EDAC009E075C /* Release */,
			);
			defaultConfigurationIsVisible = 0;
		};
		EA93770D1CC1EDAC009E075C /* Build configuration list for PBXNativeTarget "BeaconTransmiterTests" */ = {
			isa = XCConfigurationList;
			buildConfigurations = (
				EA93770E1CC1EDAC009E075C /* Debug */,
				EA93770F1CC1EDAC009E075C /* Release */,
			);
			defaultConfigurationIsVisible = 0;
		};
		EA9377101CC1EDAC009E075C /* Build configuration list for PBXNativeTarget "BeaconTransmiterUITests" */ = {
			isa = XCConfigurationList;
			buildConfigurations = (
				EA9377111CC1EDAC009E075C /* Debug */,
				EA9377121CC1EDAC009E075C /* Release */,
			);
			defaultConfigurationIsVisible = 0;
		};
/* End XCConfigurationList section */
	};
	rootObject = EA9376DA1CC1EDAB009E075C /* Project object */;
}
